{
  "nodes": {
    "nixpkgs": {
      "locked": {
        "lastModified": 1650647313,
        "narHash": "sha256-6ghnNPXDlG6/tXeIFdbP0cGnik6TGNwc615hhG9dpl4=",
        "path": "/nix/store/q3cwqz88h0lgcczcqny9rgzsj6dff6lk-source",
        "rev": "a318a09a96a38382fe61a7f85d03ea6e25c46c56",
        "type": "path"
      },
      "original": {
        "id": "nixpkgs",
        "type": "indirect"
      }
    },
    "root": {
      "inputs": {
        "nixpkgs": "nixpkgs"
      }
    }
  },
  "root": "root",
  "version": 7
}
